#
# This file is autogenerated by pip-compile with Python 3.14
# by the following command:
#
#    pip-compile --extra=dev --output-file=requirements.lock pyproject.toml
#
boto3==1.34.116
    # via
    #   aws-cost-guard (pyproject.toml)
    #   moto
boto3-stubs[ce]==1.34.116
    # via aws-cost-guard (pyproject.toml)
botocore==1.34.116
    # via
    #   boto3
    #   moto
    #   s3transfer
botocore-stubs==1.42.41
    # via boto3-stubs
build==1.4.0
    # via pip-tools
certifi==2024.2.2
    # via requests
cffi==2.0.0
    # via cryptography
charset-normalizer==3.3.2
    # via requests
click==8.3.1
    # via pip-tools
coverage[toml]==7.13.4
    # via pytest-cov
cryptography==46.0.5
    # via moto
idna==3.7
    # via requests
iniconfig==2.3.0
    # via pytest
jinja2==3.1.6
    # via moto
jmespath==1.0.1
    # via
    #   boto3
    #   botocore
markupsafe==3.0.3
    # via
    #   jinja2
    #   werkzeug
moto[ce]==5.0.10
    # via aws-cost-guard (pyproject.toml)
mypy==1.10.0
    # via aws-cost-guard (pyproject.toml)
mypy-boto3-ce==1.34.90
    # via boto3-stubs
mypy-extensions==1.1.0
    # via mypy
packaging==26.0
    # via
    #   build
    #   pytest
    #   wheel
pip-tools==7.4.1
    # via aws-cost-guard (pyproject.toml)
pluggy==1.6.0
    # via pytest
pycparser==3.0
    # via cffi
pyproject-hooks==1.2.0
    # via
    #   build
    #   pip-tools
pytest==8.2.0
    # via
    #   aws-cost-guard (pyproject.toml)
    #   pytest-cov
pytest-cov==5.0.0
    # via aws-cost-guard (pyproject.toml)
python-dateutil==2.9.0
    # via
    #   botocore
    #   moto
python-dotenv==1.2.2
    # via aws-cost-guard (pyproject.toml)
pyyaml==6.0.3
    # via responses
requests==2.31.0
    # via
    #   aws-cost-guard (pyproject.toml)
    #   moto
    #   responses
responses==0.26.0
    # via moto
ruff==0.4.5
    # via aws-cost-guard (pyproject.toml)
s3transfer==0.10.1
    # via boto3
six==1.16.0
    # via python-dateutil
types-awscrt==0.31.3
    # via botocore-stubs
types-requests==2.32.4.20260107
    # via aws-cost-guard (pyproject.toml)
types-s3transfer==0.16.0
    # via boto3-stubs
typing-extensions==4.15.0
    # via mypy
urllib3==2.2.1
    # via
    #   botocore
    #   requests
    #   responses
    #   types-requests
werkzeug==3.1.6
    # via moto
wheel==0.46.3
    # via pip-tools
xmltodict==1.0.4
    # via moto

# The following packages are considered to be unsafe in a requirements file:
# pip
# setuptools
